// !$*UTF8*$!
{
	archiveVersion = 1;
	classes = {
	};
	objectVersion = 46;
	objects = {

/* Begin PBXBuildFile section */
		E632E941184D0777000A20C5 /* GMSessionTokens.m in Sources */ = {isa = PBXBuildFile; fileRef = E632E940184D0777000A20C5 /* GMSessionTokens.m */; };
		E632E945184D0E92000A20C5 /* GMCall.m in Sources */ = {isa = PBXBuildFile; fileRef = E632E944184D0E92000A20C5 /* GMCall.m */; };
		E632E948184D10B7000A20C5 /* GMCallListPlaylists.m in Sources */ = {isa = PBXBuildFile; fileRef = E632E947184D10B7000A20C5 /* GMCallListPlaylists.m */; };
		E632E94C184D16A4000A20C5 /* GMCallStreamURLForTrack.m in Sources */ = {isa = PBXBuildFile; fileRef = E632E94B184D16A4000A20C5 /* GMCallStreamURLForTrack.m */; };
		E632E94F184D186D000A20C5 /* GMCallJSON.m in Sources */ = {isa = PBXBuildFile; fileRef = E632E94E184D186D000A20C5 /* GMCallJSON.m */; };
		E632E952184D19BB000A20C5 /* GMCallAllSongs.m in Sources */ = {isa = PBXBuildFile; fileRef = E632E951184D19BB000A20C5 /* GMCallAllSongs.m */; };
		E632E956184D1E7C000A20C5 /* GMTrackInfo.m in Sources */ = {isa = PBXBuildFile; fileRef = E632E955184D1E7C000A20C5 /* GMTrackInfo.m */; };
		E632E959184D1E92000A20C5 /* GMPlaylistInfo.m in Sources */ = {isa = PBXBuildFile; fileRef = E632E958184D1E92000A20C5 /* GMPlaylistInfo.m */; };
		E632E95C184D1F0B000A20C5 /* GMMappingItem.m in Sources */ = {isa = PBXBuildFile; fileRef = E632E95B184D1F0B000A20C5 /* GMMappingItem.m */; };
		E632E95D184D25E2000A20C5 /* GMMappingItem.m in Sources */ = {isa = PBXBuildFile; fileRef = E632E95B184D1F0B000A20C5 /* GMMappingItem.m */; };
		E632E95E184D25E6000A20C5 /* GMTrackInfo.m in Sources */ = {isa = PBXBuildFile; fileRef = E632E955184D1E7C000A20C5 /* GMTrackInfo.m */; };
		E632E95F184D25E9000A20C5 /* GMPlaylistInfo.m in Sources */ = {isa = PBXBuildFile; fileRef = E632E958184D1E92000A20C5 /* GMPlaylistInfo.m */; };
		E632E960184D2601000A20C5 /* GMSessionTokens.h in Headers */ = {isa = PBXBuildFile; fileRef = E632E93F184D0777000A20C5 /* GMSessionTokens.h */; };
		E632E961184D2604000A20C5 /* GMSessionTokens.m in Sources */ = {isa = PBXBuildFile; fileRef = E632E940184D0777000A20C5 /* GMSessionTokens.m */; };
		E632E962184D261B000A20C5 /* GMPlaylistInfo.h in Headers */ = {isa = PBXBuildFile; fileRef = E632E957184D1E92000A20C5 /* GMPlaylistInfo.h */; };
		E632E963184D2620000A20C5 /* GMTrackInfo.h in Headers */ = {isa = PBXBuildFile; fileRef = E632E954184D1E7C000A20C5 /* GMTrackInfo.h */; };
		E632E964184D2625000A20C5 /* GMMappingItem.h in Headers */ = {isa = PBXBuildFile; fileRef = E632E95A184D1F0B000A20C5 /* GMMappingItem.h */; };
		E632E965184D2632000A20C5 /* GMCall.h in Headers */ = {isa = PBXBuildFile; fileRef = E632E943184D0E92000A20C5 /* GMCall.h */; };
		E632E966184D2636000A20C5 /* GMCall.m in Sources */ = {isa = PBXBuildFile; fileRef = E632E944184D0E92000A20C5 /* GMCall.m */; };
		E632E967184D263A000A20C5 /* GMCallJSON.h in Headers */ = {isa = PBXBuildFile; fileRef = E632E94D184D186D000A20C5 /* GMCallJSON.h */; };
		E632E968184D263F000A20C5 /* GMCallJSON.m in Sources */ = {isa = PBXBuildFile; fileRef = E632E94E184D186D000A20C5 /* GMCallJSON.m */; };
		E632E969184D2643000A20C5 /* GMCallListPlaylists.h in Headers */ = {isa = PBXBuildFile; fileRef = E632E946184D10B7000A20C5 /* GMCallListPlaylists.h */; };
		E632E96A184D2646000A20C5 /* GMCallListPlaylists.m in Sources */ = {isa = PBXBuildFile; fileRef = E632E947184D10B7000A20C5 /* GMCallListPlaylists.m */; };
		E632E96B184D2649000A20C5 /* GMCallStreamURLForTrack.h in Headers */ = {isa = PBXBuildFile; fileRef = E632E94A184D16A4000A20C5 /* GMCallStreamURLForTrack.h */; };
		E632E96C184D264D000A20C5 /* GMCallStreamURLForTrack.m in Sources */ = {isa = PBXBuildFile; fileRef = E632E94B184D16A4000A20C5 /* GMCallStreamURLForTrack.m */; };
		E632E96D184D2650000A20C5 /* GMCallAllSongs.h in Headers */ = {isa = PBXBuildFile; fileRef = E632E950184D19BB000A20C5 /* GMCallAllSongs.h */; };
		E632E96E184D2654000A20C5 /* GMCallAllSongs.m in Sources */ = {isa = PBXBuildFile; fileRef = E632E951184D19BB000A20C5 /* GMCallAllSongs.m */; };
		E6445510184A48EE005D3CDC /* Foundation.framework in Frameworks */ = {isa = PBXBuildFile; fileRef = E644550F184A48EE005D3CDC /* Foundation.framework */; };
		E644551E184A48EE005D3CDC /* XCTest.framework in Frameworks */ = {isa = PBXBuildFile; fileRef = E644551D184A48EE005D3CDC /* XCTest.framework */; };
		E644551F184A48EE005D3CDC /* Foundation.framework in Frameworks */ = {isa = PBXBuildFile; fileRef = E644550F184A48EE005D3CDC /* Foundation.framework */; };
		E6445521184A48EE005D3CDC /* UIKit.framework in Frameworks */ = {isa = PBXBuildFile; fileRef = E6445520184A48EE005D3CDC /* UIKit.framework */; };
		E6445524184A48EE005D3CDC /* libGMusicAPIClient-iOS.a in Frameworks */ = {isa = PBXBuildFile; fileRef = E644550C184A48EE005D3CDC /* libGMusicAPIClient-iOS.a */; };
		E644552A184A48EE005D3CDC /* InfoPlist.strings in Resources */ = {isa = PBXBuildFile; fileRef = E6445528184A48EE005D3CDC /* InfoPlist.strings */; };
		E644552C184A48EE005D3CDC /* GMusicAPIClientTests.m in Sources */ = {isa = PBXBuildFile; fileRef = E644552B184A48EE005D3CDC /* GMusicAPIClientTests.m */; };
		E66954CA184BBC8800EDB7C7 /* Cocoa.framework in Frameworks */ = {isa = PBXBuildFile; fileRef = E6695491184BBC0D00EDB7C7 /* Cocoa.framework */; };
		E66954D6184BBC8800EDB7C7 /* XCTest.framework in Frameworks */ = {isa = PBXBuildFile; fileRef = E644551D184A48EE005D3CDC /* XCTest.framework */; };
		E66954D7184BBC8800EDB7C7 /* Cocoa.framework in Frameworks */ = {isa = PBXBuildFile; fileRef = E6695491184BBC0D00EDB7C7 /* Cocoa.framework */; };
		E66954DA184BBC8800EDB7C7 /* libGMusicAPIClient-osx.a in Frameworks */ = {isa = PBXBuildFile; fileRef = E66954C9184BBC8800EDB7C7 /* libGMusicAPIClient-osx.a */; };
		E66954E0184BBC8800EDB7C7 /* InfoPlist.strings in Resources */ = {isa = PBXBuildFile; fileRef = E66954DE184BBC8800EDB7C7 /* InfoPlist.strings */; };
		E66954E2184BBC8800EDB7C7 /* GMusicAPIClient_osxTests.m in Sources */ = {isa = PBXBuildFile; fileRef = E66954E1184BBC8800EDB7C7 /* GMusicAPIClient_osxTests.m */; };
		E6695578184BC98500EDB7C7 /* XCTestCase+AsyncTesting.m in Sources */ = {isa = PBXBuildFile; fileRef = E6695577184BC98500EDB7C7 /* XCTestCase+AsyncTesting.m */; };
		E6695579184BC98500EDB7C7 /* XCTestCase+AsyncTesting.m in Sources */ = {isa = PBXBuildFile; fileRef = E6695577184BC98500EDB7C7 /* XCTestCase+AsyncTesting.m */; };
		E6695583184BD50700EDB7C7 /* user.plist in Resources */ = {isa = PBXBuildFile; fileRef = E6695582184BD50700EDB7C7 /* user.plist */; };
		E6695584184BD50700EDB7C7 /* user.plist in Resources */ = {isa = PBXBuildFile; fileRef = E6695582184BD50700EDB7C7 /* user.plist */; };
		E669568D184BE2DB00EDB7C7 /* GMAPIClient+Protected.h in Headers */ = {isa = PBXBuildFile; fileRef = E669567F184BE2DB00EDB7C7 /* GMAPIClient+Protected.h */; };
		E669568E184BE2DB00EDB7C7 /* GMAPIClient+Protected.m in Sources */ = {isa = PBXBuildFile; fileRef = E6695680184BE2DB00EDB7C7 /* GMAPIClient+Protected.m */; };
		E669568F184BE2DB00EDB7C7 /* GMAPIClient+Protected.m in Sources */ = {isa = PBXBuildFile; fileRef = E6695680184BE2DB00EDB7C7 /* GMAPIClient+Protected.m */; };
		E6695690184BE2DB00EDB7C7 /* GMAPIClient+Protected.m in Sources */ = {isa = PBXBuildFile; fileRef = E6695680184BE2DB00EDB7C7 /* GMAPIClient+Protected.m */; };
		E6695691184BE2DB00EDB7C7 /* GMAPIClient+Protected.m in Sources */ = {isa = PBXBuildFile; fileRef = E6695680184BE2DB00EDB7C7 /* GMAPIClient+Protected.m */; };
		E6695692184BE2DB00EDB7C7 /* GMAPIClient.h in Headers */ = {isa = PBXBuildFile; fileRef = E6695681184BE2DB00EDB7C7 /* GMAPIClient.h */; };
		E6695693184BE2DB00EDB7C7 /* GMAPIClient.m in Sources */ = {isa = PBXBuildFile; fileRef = E6695682184BE2DB00EDB7C7 /* GMAPIClient.m */; };
		E6695694184BE2DB00EDB7C7 /* GMAPIClient.m in Sources */ = {isa = PBXBuildFile; fileRef = E6695682184BE2DB00EDB7C7 /* GMAPIClient.m */; };
		E6695695184BE2DB00EDB7C7 /* GMAPIClient.m in Sources */ = {isa = PBXBuildFile; fileRef = E6695682184BE2DB00EDB7C7 /* GMAPIClient.m */; };
		E6695696184BE2DB00EDB7C7 /* GMAPIClient.m in Sources */ = {isa = PBXBuildFile; fileRef = E6695682184BE2DB00EDB7C7 /* GMAPIClient.m */; };
		E6695697184BE2DB00EDB7C7 /* GMCredentials.h in Headers */ = {isa = PBXBuildFile; fileRef = E6695683184BE2DB00EDB7C7 /* GMCredentials.h */; };
		E6695698184BE2DB00EDB7C7 /* GMCredentials.m in Sources */ = {isa = PBXBuildFile; fileRef = E6695684184BE2DB00EDB7C7 /* GMCredentials.m */; };
		E6695699184BE2DB00EDB7C7 /* GMCredentials.m in Sources */ = {isa = PBXBuildFile; fileRef = E6695684184BE2DB00EDB7C7 /* GMCredentials.m */; };
		E669569A184BE2DB00EDB7C7 /* GMCredentials.m in Sources */ = {isa = PBXBuildFile; fileRef = E6695684184BE2DB00EDB7C7 /* GMCredentials.m */; };
		E669569B184BE2DB00EDB7C7 /* GMCredentials.m in Sources */ = {isa = PBXBuildFile; fileRef = E6695684184BE2DB00EDB7C7 /* GMCredentials.m */; };
		E669569C184BE2DB00EDB7C7 /* GMLog.h in Headers */ = {isa = PBXBuildFile; fileRef = E6695685184BE2DB00EDB7C7 /* GMLog.h */; };
		E669569D184BE2DB00EDB7C7 /* GMResult.h in Headers */ = {isa = PBXBuildFile; fileRef = E6695686184BE2DB00EDB7C7 /* GMResult.h */; };
		E669569E184BE2DB00EDB7C7 /* GMResult.m in Sources */ = {isa = PBXBuildFile; fileRef = E6695687184BE2DB00EDB7C7 /* GMResult.m */; };
		E669569F184BE2DB00EDB7C7 /* GMResult.m in Sources */ = {isa = PBXBuildFile; fileRef = E6695687184BE2DB00EDB7C7 /* GMResult.m */; };
		E66956A0184BE2DB00EDB7C7 /* GMResult.m in Sources */ = {isa = PBXBuildFile; fileRef = E6695687184BE2DB00EDB7C7 /* GMResult.m */; };
		E66956A1184BE2DB00EDB7C7 /* GMResult.m in Sources */ = {isa = PBXBuildFile; fileRef = E6695687184BE2DB00EDB7C7 /* GMResult.m */; };
		E66956A7184BE2DB00EDB7C7 /* GMusicAPIClient.h in Headers */ = {isa = PBXBuildFile; fileRef = E669568A184BE2DB00EDB7C7 /* GMusicAPIClient.h */; settings = {ATTRIBUTES = (Public, ); }; };
		E66956A8184BE2DB00EDB7C7 /* GMWebClient.h in Headers */ = {isa = PBXBuildFile; fileRef = E669568B184BE2DB00EDB7C7 /* GMWebClient.h */; };
		E66956A9184BE2DB00EDB7C7 /* GMWebClient.m in Sources */ = {isa = PBXBuildFile; fileRef = E669568C184BE2DB00EDB7C7 /* GMWebClient.m */; };
		E66956AA184BE2DB00EDB7C7 /* GMWebClient.m in Sources */ = {isa = PBXBuildFile; fileRef = E669568C184BE2DB00EDB7C7 /* GMWebClient.m */; };
		E66956AB184BE2DB00EDB7C7 /* GMWebClient.m in Sources */ = {isa = PBXBuildFile; fileRef = E669568C184BE2DB00EDB7C7 /* GMWebClient.m */; };
		E66956AC184BE2DB00EDB7C7 /* GMWebClient.m in Sources */ = {isa = PBXBuildFile; fileRef = E669568C184BE2DB00EDB7C7 /* GMWebClient.m */; };
		E66956AD184BE32400EDB7C7 /* GMusicAPIClient.h in CopyFiles */ = {isa = PBXBuildFile; fileRef = E669568A184BE2DB00EDB7C7 /* GMusicAPIClient.h */; };
/* End PBXBuildFile section */

/* Begin PBXContainerItemProxy section */
		E6445522184A48EE005D3CDC /* PBXContainerItemProxy */ = {
			isa = PBXContainerItemProxy;
			containerPortal = E6445504184A48EE005D3CDC /* Project object */;
			proxyType = 1;
			remoteGlobalIDString = E644550B184A48EE005D3CDC;
			remoteInfo = GMusicAPIClient;
		};
		E66954D8184BBC8800EDB7C7 /* PBXContainerItemProxy */ = {
			isa = PBXContainerItemProxy;
			containerPortal = E6445504184A48EE005D3CDC /* Project object */;
			proxyType = 1;
			remoteGlobalIDString = E66954C8184BBC8800EDB7C7;
			remoteInfo = "GMusicAPIClient-osx";
		};
/* End PBXContainerItemProxy section */

/* Begin PBXCopyFilesBuildPhase section */
		E644550A184A48EE005D3CDC /* CopyFiles */ = {
			isa = PBXCopyFilesBuildPhase;
			buildActionMask = 2147483647;
			dstPath = "include/$(PRODUCT_NAME)";
			dstSubfolderSpec = 16;
			files = (
				E66956AD184BE32400EDB7C7 /* GMusicAPIClient.h in CopyFiles */,
			);
			runOnlyForDeploymentPostprocessing = 0;
		};
/* End PBXCopyFilesBuildPhase section */

/* Begin PBXFileReference section */
		E632E93F184D0777000A20C5 /* GMSessionTokens.h */ = {isa = PBXFileReference; fileEncoding = 4; lastKnownFileType = sourcecode.c.h; path = GMSessionTokens.h; sourceTree = "<group>"; };
		E632E940184D0777000A20C5 /* GMSessionTokens.m */ = {isa = PBXFileReference; fileEncoding = 4; lastKnownFileType = sourcecode.c.objc; path = GMSessionTokens.m; sourceTree = "<group>"; };
		E632E943184D0E92000A20C5 /* GMCall.h */ = {isa = PBXFileReference; fileEncoding = 4; lastKnownFileType = sourcecode.c.h; path = GMCall.h; sourceTree = "<group>"; };
		E632E944184D0E92000A20C5 /* GMCall.m */ = {isa = PBXFileReference; fileEncoding = 4; lastKnownFileType = sourcecode.c.objc; path = GMCall.m; sourceTree = "<group>"; };
		E632E946184D10B7000A20C5 /* GMCallListPlaylists.h */ = {isa = PBXFileReference; fileEncoding = 4; lastKnownFileType = sourcecode.c.h; path = GMCallListPlaylists.h; sourceTree = "<group>"; };
		E632E947184D10B7000A20C5 /* GMCallListPlaylists.m */ = {isa = PBXFileReference; fileEncoding = 4; lastKnownFileType = sourcecode.c.objc; path = GMCallListPlaylists.m; sourceTree = "<group>"; };
		E632E94A184D16A4000A20C5 /* GMCallStreamURLForTrack.h */ = {isa = PBXFileReference; fileEncoding = 4; lastKnownFileType = sourcecode.c.h; path = GMCallStreamURLForTrack.h; sourceTree = "<group>"; };
		E632E94B184D16A4000A20C5 /* GMCallStreamURLForTrack.m */ = {isa = PBXFileReference; fileEncoding = 4; lastKnownFileType = sourcecode.c.objc; path = GMCallStreamURLForTrack.m; sourceTree = "<group>"; };
		E632E94D184D186D000A20C5 /* GMCallJSON.h */ = {isa = PBXFileReference; fileEncoding = 4; lastKnownFileType = sourcecode.c.h; path = GMCallJSON.h; sourceTree = "<group>"; };
		E632E94E184D186D000A20C5 /* GMCallJSON.m */ = {isa = PBXFileReference; fileEncoding = 4; lastKnownFileType = sourcecode.c.objc; path = GMCallJSON.m; sourceTree = "<group>"; };
		E632E950184D19BB000A20C5 /* GMCallAllSongs.h */ = {isa = PBXFileReference; fileEncoding = 4; lastKnownFileType = sourcecode.c.h; path = GMCallAllSongs.h; sourceTree = "<group>"; };
		E632E951184D19BB000A20C5 /* GMCallAllSongs.m */ = {isa = PBXFileReference; fileEncoding = 4; lastKnownFileType = sourcecode.c.objc; path = GMCallAllSongs.m; sourceTree = "<group>"; };
		E632E954184D1E7C000A20C5 /* GMTrackInfo.h */ = {isa = PBXFileReference; fileEncoding = 4; lastKnownFileType = sourcecode.c.h; path = GMTrackInfo.h; sourceTree = "<group>"; };
		E632E955184D1E7C000A20C5 /* GMTrackInfo.m */ = {isa = PBXFileReference; fileEncoding = 4; lastKnownFileType = sourcecode.c.objc; path = GMTrackInfo.m; sourceTree = "<group>"; };
		E632E957184D1E92000A20C5 /* GMPlaylistInfo.h */ = {isa = PBXFileReference; fileEncoding = 4; lastKnownFileType = sourcecode.c.h; path = GMPlaylistInfo.h; sourceTree = "<group>"; };
		E632E958184D1E92000A20C5 /* GMPlaylistInfo.m */ = {isa = PBXFileReference; fileEncoding = 4; lastKnownFileType = sourcecode.c.objc; path = GMPlaylistInfo.m; sourceTree = "<group>"; };
		E632E95A184D1F0B000A20C5 /* GMMappingItem.h */ = {isa = PBXFileReference; fileEncoding = 4; lastKnownFileType = sourcecode.c.h; path = GMMappingItem.h; sourceTree = "<group>"; };
		E632E95B184D1F0B000A20C5 /* GMMappingItem.m */ = {isa = PBXFileReference; fileEncoding = 4; lastKnownFileType = sourcecode.c.objc; path = GMMappingItem.m; sourceTree = "<group>"; };
		E644550C184A48EE005D3CDC /* libGMusicAPIClient-iOS.a */ = {isa = PBXFileReference; explicitFileType = archive.ar; includeInIndex = 0; path = "libGMusicAPIClient-iOS.a"; sourceTree = BUILT_PRODUCTS_DIR; };
		E644550F184A48EE005D3CDC /* Foundation.framework */ = {isa = PBXFileReference; lastKnownFileType = wrapper.framework; name = Foundation.framework; path = System/Library/Frameworks/Foundation.framework; sourceTree = SDKROOT; };
		E6445513184A48EE005D3CDC /* GMusicAPIClient-Prefix.pch */ = {isa = PBXFileReference; lastKnownFileType = sourcecode.c.h; path = "GMusicAPIClient-Prefix.pch"; sourceTree = "<group>"; };
		E644551C184A48EE005D3CDC /* GMusicAPIClientTests.xctest */ = {isa = PBXFileReference; explicitFileType = wrapper.cfbundle; includeInIndex = 0; path = GMusicAPIClientTests.xctest; sourceTree = BUILT_PRODUCTS_DIR; };
		E644551D184A48EE005D3CDC /* XCTest.framework */ = {isa = PBXFileReference; lastKnownFileType = wrapper.framework; name = XCTest.framework; path = Library/Frameworks/XCTest.framework; sourceTree = DEVELOPER_DIR; };
		E6445520184A48EE005D3CDC /* UIKit.framework */ = {isa = PBXFileReference; lastKnownFileType = wrapper.framework; name = UIKit.framework; path = Library/Frameworks/UIKit.framework; sourceTree = DEVELOPER_DIR; };
		E6445527184A48EE005D3CDC /* GMusicAPIClientTests-Info.plist */ = {isa = PBXFileReference; lastKnownFileType = text.plist.xml; path = "GMusicAPIClientTests-Info.plist"; sourceTree = "<group>"; };
		E6445529184A48EE005D3CDC /* en */ = {isa = PBXFileReference; lastKnownFileType = text.plist.strings; name = en; path = en.lproj/InfoPlist.strings; sourceTree = "<group>"; };
		E644552B184A48EE005D3CDC /* GMusicAPIClientTests.m */ = {isa = PBXFileReference; lastKnownFileType = sourcecode.c.objc; path = GMusicAPIClientTests.m; sourceTree = "<group>"; };
		E6695491184BBC0D00EDB7C7 /* Cocoa.framework */ = {isa = PBXFileReference; lastKnownFileType = wrapper.framework; name = Cocoa.framework; path = Library/Frameworks/Cocoa.framework; sourceTree = DEVELOPER_DIR; };
		E6695494184BBC0D00EDB7C7 /* Foundation.framework */ = {isa = PBXFileReference; lastKnownFileType = wrapper.framework; name = Foundation.framework; path = Library/Frameworks/Foundation.framework; sourceTree = SDKROOT; };
		E6695495184BBC0D00EDB7C7 /* CoreData.framework */ = {isa = PBXFileReference; lastKnownFileType = wrapper.framework; name = CoreData.framework; path = Library/Frameworks/CoreData.framework; sourceTree = SDKROOT; };
		E6695496184BBC0D00EDB7C7 /* AppKit.framework */ = {isa = PBXFileReference; lastKnownFileType = wrapper.framework; name = AppKit.framework; path = Library/Frameworks/AppKit.framework; sourceTree = SDKROOT; };
		E66954C9184BBC8800EDB7C7 /* libGMusicAPIClient-osx.a */ = {isa = PBXFileReference; explicitFileType = archive.ar; includeInIndex = 0; path = "libGMusicAPIClient-osx.a"; sourceTree = BUILT_PRODUCTS_DIR; };
		E66954CD184BBC8800EDB7C7 /* GMusicAPIClient-osx-Prefix.pch */ = {isa = PBXFileReference; lastKnownFileType = sourcecode.c.h; path = "GMusicAPIClient-osx-Prefix.pch"; sourceTree = "<group>"; };
		E66954D5184BBC8800EDB7C7 /* GMusicAPIClient-osxTests.xctest */ = {isa = PBXFileReference; explicitFileType = wrapper.cfbundle; includeInIndex = 0; path = "GMusicAPIClient-osxTests.xctest"; sourceTree = BUILT_PRODUCTS_DIR; };
		E66954DD184BBC8800EDB7C7 /* GMusicAPIClient-osxTests-Info.plist */ = {isa = PBXFileReference; lastKnownFileType = text.plist.xml; path = "GMusicAPIClient-osxTests-Info.plist"; sourceTree = "<group>"; };
		E66954DF184BBC8800EDB7C7 /* en */ = {isa = PBXFileReference; lastKnownFileType = text.plist.strings; name = en; path = en.lproj/InfoPlist.strings; sourceTree = "<group>"; };
		E66954E1184BBC8800EDB7C7 /* GMusicAPIClient_osxTests.m */ = {isa = PBXFileReference; lastKnownFileType = sourcecode.c.objc; path = GMusicAPIClient_osxTests.m; sourceTree = "<group>"; };
		E6695576184BC98500EDB7C7 /* XCTestCase+AsyncTesting.h */ = {isa = PBXFileReference; fileEncoding = 4; lastKnownFileType = sourcecode.c.h; path = "XCTestCase+AsyncTesting.h"; sourceTree = "<group>"; };
		E6695577184BC98500EDB7C7 /* XCTestCase+AsyncTesting.m */ = {isa = PBXFileReference; fileEncoding = 4; lastKnownFileType = sourcecode.c.objc; path = "XCTestCase+AsyncTesting.m"; sourceTree = "<group>"; };
		E6695582184BD50700EDB7C7 /* user.plist */ = {isa = PBXFileReference; fileEncoding = 4; lastKnownFileType = text.plist.xml; name = user.plist; path = ../../user.plist; sourceTree = "<group>"; };
		E669567F184BE2DB00EDB7C7 /* GMAPIClient+Protected.h */ = {isa = PBXFileReference; fileEncoding = 4; lastKnownFileType = sourcecode.c.h; path = "GMAPIClient+Protected.h"; sourceTree = "<group>"; };
		E6695680184BE2DB00EDB7C7 /* GMAPIClient+Protected.m */ = {isa = PBXFileReference; fileEncoding = 4; lastKnownFileType = sourcecode.c.objc; path = "GMAPIClient+Protected.m"; sourceTree = "<group>"; };
		E6695681184BE2DB00EDB7C7 /* GMAPIClient.h */ = {isa = PBXFileReference; fileEncoding = 4; lastKnownFileType = sourcecode.c.h; path = GMAPIClient.h; sourceTree = "<group>"; };
		E6695682184BE2DB00EDB7C7 /* GMAPIClient.m */ = {isa = PBXFileReference; fileEncoding = 4; lastKnownFileType = sourcecode.c.objc; path = GMAPIClient.m; sourceTree = "<group>"; };
		E6695683184BE2DB00EDB7C7 /* GMCredentials.h */ = {isa = PBXFileReference; fileEncoding = 4; lastKnownFileType = sourcecode.c.h; path = GMCredentials.h; sourceTree = "<group>"; };
		E6695684184BE2DB00EDB7C7 /* GMCredentials.m */ = {isa = PBXFileReference; fileEncoding = 4; lastKnownFileType = sourcecode.c.objc; path = GMCredentials.m; sourceTree = "<group>"; };
		E6695685184BE2DB00EDB7C7 /* GMLog.h */ = {isa = PBXFileReference; fileEncoding = 4; lastKnownFileType = sourcecode.c.h; path = GMLog.h; sourceTree = "<group>"; };
		E6695686184BE2DB00EDB7C7 /* GMResult.h */ = {isa = PBXFileReference; fileEncoding = 4; lastKnownFileType = sourcecode.c.h; path = GMResult.h; sourceTree = "<group>"; };
		E6695687184BE2DB00EDB7C7 /* GMResult.m */ = {isa = PBXFileReference; fileEncoding = 4; lastKnownFileType = sourcecode.c.objc; path = GMResult.m; sourceTree = "<group>"; };
		E669568A184BE2DB00EDB7C7 /* GMusicAPIClient.h */ = {isa = PBXFileReference; fileEncoding = 4; lastKnownFileType = sourcecode.c.h; path = GMusicAPIClient.h; sourceTree = "<group>"; };
		E669568B184BE2DB00EDB7C7 /* GMWebClient.h */ = {isa = PBXFileReference; fileEncoding = 4; lastKnownFileType = sourcecode.c.h; path = GMWebClient.h; sourceTree = "<group>"; };
		E669568C184BE2DB00EDB7C7 /* GMWebClient.m */ = {isa = PBXFileReference; fileEncoding = 4; lastKnownFileType = sourcecode.c.objc; path = GMWebClient.m; sourceTree = "<group>"; };
/* End PBXFileReference section */

/* Begin PBXFrameworksBuildPhase section */
		E6445509184A48EE005D3CDC /* Frameworks */ = {
			isa = PBXFrameworksBuildPhase;
			buildActionMask = 2147483647;
			files = (
				E6445510184A48EE005D3CDC /* Foundation.framework in Frameworks */,
			);
			runOnlyForDeploymentPostprocessing = 0;
		};
		E6445519184A48EE005D3CDC /* Frameworks */ = {
			isa = PBXFrameworksBuildPhase;
			buildActionMask = 2147483647;
			files = (
				E644551E184A48EE005D3CDC /* XCTest.framework in Frameworks */,
				E6445521184A48EE005D3CDC /* UIKit.framework in Frameworks */,
				E644551F184A48EE005D3CDC /* Foundation.framework in Frameworks */,
				E6445524184A48EE005D3CDC /* libGMusicAPIClient-iOS.a in Frameworks */,
			);
			runOnlyForDeploymentPostprocessing = 0;
		};
		E66954C6184BBC8800EDB7C7 /* Frameworks */ = {
			isa = PBXFrameworksBuildPhase;
			buildActionMask = 2147483647;
			files = (
				E66954CA184BBC8800EDB7C7 /* Cocoa.framework in Frameworks */,
			);
			runOnlyForDeploymentPostprocessing = 0;
		};
		E66954D2184BBC8800EDB7C7 /* Frameworks */ = {
			isa = PBXFrameworksBuildPhase;
			buildActionMask = 2147483647;
			files = (
				E66954DA184BBC8800EDB7C7 /* libGMusicAPIClient-osx.a in Frameworks */,
				E66954D7184BBC8800EDB7C7 /* Cocoa.framework in Frameworks */,
				E66954D6184BBC8800EDB7C7 /* XCTest.framework in Frameworks */,
			);
			runOnlyForDeploymentPostprocessing = 0;
		};
/* End PBXFrameworksBuildPhase section */

/* Begin PBXGroup section */
		E632E942184D0E78000A20C5 /* Calls */ = {
			isa = PBXGroup;
			children = (
				E632E943184D0E92000A20C5 /* GMCall.h */,
				E632E944184D0E92000A20C5 /* GMCall.m */,
				E632E94D184D186D000A20C5 /* GMCallJSON.h */,
				E632E94E184D186D000A20C5 /* GMCallJSON.m */,
				E632E946184D10B7000A20C5 /* GMCallListPlaylists.h */,
				E632E947184D10B7000A20C5 /* GMCallListPlaylists.m */,
				E632E94A184D16A4000A20C5 /* GMCallStreamURLForTrack.h */,
				E632E94B184D16A4000A20C5 /* GMCallStreamURLForTrack.m */,
				E632E950184D19BB000A20C5 /* GMCallAllSongs.h */,
				E632E951184D19BB000A20C5 /* GMCallAllSongs.m */,
			);
			path = Calls;
			sourceTree = "<group>";
		};
		E632E953184D1E7C000A20C5 /* Model */ = {
			isa = PBXGroup;
			children = (
				E632E95A184D1F0B000A20C5 /* GMMappingItem.h */,
				E632E95B184D1F0B000A20C5 /* GMMappingItem.m */,
				E632E954184D1E7C000A20C5 /* GMTrackInfo.h */,
				E632E955184D1E7C000A20C5 /* GMTrackInfo.m */,
				E632E957184D1E92000A20C5 /* GMPlaylistInfo.h */,
				E632E958184D1E92000A20C5 /* GMPlaylistInfo.m */,
			);
			path = Model;
			sourceTree = "<group>";
		};
		E6445503184A48EE005D3CDC = {
			isa = PBXGroup;
			children = (
				E669567E184BE2DB00EDB7C7 /* Core */,
				E6445511184A48EE005D3CDC /* GMusicAPIClient */,
				E6445525184A48EE005D3CDC /* GMusicAPIClientTests */,
				E66954CB184BBC8800EDB7C7 /* GMusicAPIClient-osx */,
				E66954DB184BBC8800EDB7C7 /* GMusicAPIClient-osxTests */,
				E644550E184A48EE005D3CDC /* Frameworks */,
				E644550D184A48EE005D3CDC /* Products */,
			);
			sourceTree = "<group>";
		};
		E644550D184A48EE005D3CDC /* Products */ = {
			isa = PBXGroup;
			children = (
				E644550C184A48EE005D3CDC /* libGMusicAPIClient-iOS.a */,
				E644551C184A48EE005D3CDC /* GMusicAPIClientTests.xctest */,
				E66954C9184BBC8800EDB7C7 /* libGMusicAPIClient-osx.a */,
				E66954D5184BBC8800EDB7C7 /* GMusicAPIClient-osxTests.xctest */,
			);
			name = Products;
			sourceTree = "<group>";
		};
		E644550E184A48EE005D3CDC /* Frameworks */ = {
			isa = PBXGroup;
			children = (
				E644550F184A48EE005D3CDC /* Foundation.framework */,
				E644551D184A48EE005D3CDC /* XCTest.framework */,
				E6445520184A48EE005D3CDC /* UIKit.framework */,
				E6695491184BBC0D00EDB7C7 /* Cocoa.framework */,
				E6695493184BBC0D00EDB7C7 /* Other Frameworks */,
			);
			name = Frameworks;
			sourceTree = "<group>";
		};
		E6445511184A48EE005D3CDC /* GMusicAPIClient */ = {
			isa = PBXGroup;
			children = (
				E6445512184A48EE005D3CDC /* Supporting Files */,
			);
			path = GMusicAPIClient;
			sourceTree = "<group>";
		};
		E6445512184A48EE005D3CDC /* Supporting Files */ = {
			isa = PBXGroup;
			children = (
				E6445513184A48EE005D3CDC /* GMusicAPIClient-Prefix.pch */,
			);
			name = "Supporting Files";
			sourceTree = "<group>";
		};
		E6445525184A48EE005D3CDC /* GMusicAPIClientTests */ = {
			isa = PBXGroup;
			children = (
				E6695582184BD50700EDB7C7 /* user.plist */,
				E6695576184BC98500EDB7C7 /* XCTestCase+AsyncTesting.h */,
				E6695577184BC98500EDB7C7 /* XCTestCase+AsyncTesting.m */,
				E644552B184A48EE005D3CDC /* GMusicAPIClientTests.m */,
				E6445526184A48EE005D3CDC /* Supporting Files */,
			);
			path = GMusicAPIClientTests;
			sourceTree = "<group>";
		};
		E6445526184A48EE005D3CDC /* Supporting Files */ = {
			isa = PBXGroup;
			children = (
				E6445527184A48EE005D3CDC /* GMusicAPIClientTests-Info.plist */,
				E6445528184A48EE005D3CDC /* InfoPlist.strings */,
			);
			name = "Supporting Files";
			sourceTree = "<group>";
		};
		E6695493184BBC0D00EDB7C7 /* Other Frameworks */ = {
			isa = PBXGroup;
			children = (
				E6695494184BBC0D00EDB7C7 /* Foundation.framework */,
				E6695495184BBC0D00EDB7C7 /* CoreData.framework */,
				E6695496184BBC0D00EDB7C7 /* AppKit.framework */,
			);
			name = "Other Frameworks";
			sourceTree = "<group>";
		};
		E66954CB184BBC8800EDB7C7 /* GMusicAPIClient-osx */ = {
			isa = PBXGroup;
			children = (
				E66954CC184BBC8800EDB7C7 /* Supporting Files */,
			);
			path = "GMusicAPIClient-osx";
			sourceTree = "<group>";
		};
		E66954CC184BBC8800EDB7C7 /* Supporting Files */ = {
			isa = PBXGroup;
			children = (
				E66954CD184BBC8800EDB7C7 /* GMusicAPIClient-osx-Prefix.pch */,
			);
			name = "Supporting Files";
			sourceTree = "<group>";
		};
		E66954DB184BBC8800EDB7C7 /* GMusicAPIClient-osxTests */ = {
			isa = PBXGroup;
			children = (
				E66954E1184BBC8800EDB7C7 /* GMusicAPIClient_osxTests.m */,
				E66954DC184BBC8800EDB7C7 /* Supporting Files */,
			);
			path = "GMusicAPIClient-osxTests";
			sourceTree = "<group>";
		};
		E66954DC184BBC8800EDB7C7 /* Supporting Files */ = {
			isa = PBXGroup;
			children = (
				E66954DD184BBC8800EDB7C7 /* GMusicAPIClient-osxTests-Info.plist */,
				E66954DE184BBC8800EDB7C7 /* InfoPlist.strings */,
			);
			name = "Supporting Files";
			sourceTree = "<group>";
		};
		E669567E184BE2DB00EDB7C7 /* Core */ = {
			isa = PBXGroup;
			children = (
				E632E953184D1E7C000A20C5 /* Model */,
				E632E942184D0E78000A20C5 /* Calls */,
				E669568A184BE2DB00EDB7C7 /* GMusicAPIClient.h */,
				E6695685184BE2DB00EDB7C7 /* GMLog.h */,
				E6695683184BE2DB00EDB7C7 /* GMCredentials.h */,
				E6695684184BE2DB00EDB7C7 /* GMCredentials.m */,
				E6695686184BE2DB00EDB7C7 /* GMResult.h */,
				E6695687184BE2DB00EDB7C7 /* GMResult.m */,
				E669567F184BE2DB00EDB7C7 /* GMAPIClient+Protected.h */,
				E6695680184BE2DB00EDB7C7 /* GMAPIClient+Protected.m */,
				E6695681184BE2DB00EDB7C7 /* GMAPIClient.h */,
				E6695682184BE2DB00EDB7C7 /* GMAPIClient.m */,
				E669568B184BE2DB00EDB7C7 /* GMWebClient.h */,
				E669568C184BE2DB00EDB7C7 /* GMWebClient.m */,
				E632E93F184D0777000A20C5 /* GMSessionTokens.h */,
				E632E940184D0777000A20C5 /* GMSessionTokens.m */,
			);
			path = Core;
			sourceTree = "<group>";
		};
/* End PBXGroup section */

/* Begin PBXHeadersBuildPhase section */
		E66954C7184BBC8800EDB7C7 /* Headers */ = {
			isa = PBXHeadersBuildPhase;
			buildActionMask = 2147483647;
			files = (
				E632E969184D2643000A20C5 /* GMCallListPlaylists.h in Headers */,
				E632E963184D2620000A20C5 /* GMTrackInfo.h in Headers */,
				E632E962184D261B000A20C5 /* GMPlaylistInfo.h in Headers */,
				E632E96B184D2649000A20C5 /* GMCallStreamURLForTrack.h in Headers */,
				E6695692184BE2DB00EDB7C7 /* GMAPIClient.h in Headers */,
				E66956A8184BE2DB00EDB7C7 /* GMWebClient.h in Headers */,
				E632E967184D263A000A20C5 /* GMCallJSON.h in Headers */,
				E669569C184BE2DB00EDB7C7 /* GMLog.h in Headers */,
				E632E960184D2601000A20C5 /* GMSessionTokens.h in Headers */,
				E632E96D184D2650000A20C5 /* GMCallAllSongs.h in Headers */,
				E66956A7184BE2DB00EDB7C7 /* GMusicAPIClient.h in Headers */,
				E669569D184BE2DB00EDB7C7 /* GMResult.h in Headers */,
				E632E964184D2625000A20C5 /* GMMappingItem.h in Headers */,
				E669568D184BE2DB00EDB7C7 /* GMAPIClient+Protected.h in Headers */,
				E632E965184D2632000A20C5 /* GMCall.h in Headers */,
				E6695697184BE2DB00EDB7C7 /* GMCredentials.h in Headers */,
			);
			runOnlyForDeploymentPostprocessing = 0;
		};
/* End PBXHeadersBuildPhase section */

/* Begin PBXNativeTarget section */
		E644550B184A48EE005D3CDC /* GMusicAPIClient-iOS */ = {
			isa = PBXNativeTarget;
			buildConfigurationList = E644552F184A48EE005D3CDC /* Build configuration list for PBXNativeTarget "GMusicAPIClient-iOS" */;
			buildPhases = (
				E6445508184A48EE005D3CDC /* Sources */,
				E6445509184A48EE005D3CDC /* Frameworks */,
				E644550A184A48EE005D3CDC /* CopyFiles */,
			);
			buildRules = (
			);
			dependencies = (
			);
			name = "GMusicAPIClient-iOS";
			productName = GMusicAPIClient;
			productReference = E644550C184A48EE005D3CDC /* libGMusicAPIClient-iOS.a */;
			productType = "com.apple.product-type.library.static";
		};
		E644551B184A48EE005D3CDC /* GMusicAPIClientTests */ = {
			isa = PBXNativeTarget;
			buildConfigurationList = E6445532184A48EE005D3CDC /* Build configuration list for PBXNativeTarget "GMusicAPIClientTests" */;
			buildPhases = (
				E6445518184A48EE005D3CDC /* Sources */,
				E6445519184A48EE005D3CDC /* Frameworks */,
				E644551A184A48EE005D3CDC /* Resources */,
			);
			buildRules = (
			);
			dependencies = (
				E6445523184A48EE005D3CDC /* PBXTargetDependency */,
			);
			name = GMusicAPIClientTests;
			productName = GMusicAPIClientTests;
			productReference = E644551C184A48EE005D3CDC /* GMusicAPIClientTests.xctest */;
			productType = "com.apple.product-type.bundle.unit-test";
		};
		E66954C8184BBC8800EDB7C7 /* GMusicAPIClient-osx */ = {
			isa = PBXNativeTarget;
			buildConfigurationList = E66954E3184BBC8800EDB7C7 /* Build configuration list for PBXNativeTarget "GMusicAPIClient-osx" */;
			buildPhases = (
				E66954C5184BBC8800EDB7C7 /* Sources */,
				E66954C6184BBC8800EDB7C7 /* Frameworks */,
				E66954C7184BBC8800EDB7C7 /* Headers */,
			);
			buildRules = (
			);
			dependencies = (
			);
			name = "GMusicAPIClient-osx";
			productName = "GMusicAPIClient-osx";
			productReference = E66954C9184BBC8800EDB7C7 /* libGMusicAPIClient-osx.a */;
			productType = "com.apple.product-type.library.static";
		};
		E66954D4184BBC8800EDB7C7 /* GMusicAPIClient-osxTests */ = {
			isa = PBXNativeTarget;
			buildConfigurationList = E66954E6184BBC8800EDB7C7 /* Build configuration list for PBXNativeTarget "GMusicAPIClient-osxTests" */;
			buildPhases = (
				E66954D1184BBC8800EDB7C7 /* Sources */,
				E66954D2184BBC8800EDB7C7 /* Frameworks */,
				E66954D3184BBC8800EDB7C7 /* Resources */,
			);
			buildRules = (
			);
			dependencies = (
				E66954D9184BBC8800EDB7C7 /* PBXTargetDependency */,
			);
			name = "GMusicAPIClient-osxTests";
			productName = "GMusicAPIClient-osxTests";
			productReference = E66954D5184BBC8800EDB7C7 /* GMusicAPIClient-osxTests.xctest */;
			productType = "com.apple.product-type.bundle.unit-test";
		};
/* End PBXNativeTarget section */

/* Begin PBXProject section */
		E6445504184A48EE005D3CDC /* Project object */ = {
			isa = PBXProject;
			attributes = {
				LastUpgradeCheck = 0500;
				ORGANIZATIONNAME = "Alexandr Goncharov";
			};
			buildConfigurationList = E6445507184A48EE005D3CDC /* Build configuration list for PBXProject "GMusicAPIClient" */;
			compatibilityVersion = "Xcode 3.2";
			developmentRegion = English;
			hasScannedForEncodings = 0;
			knownRegions = (
				en,
				Base,
			);
			mainGroup = E6445503184A48EE005D3CDC;
			productRefGroup = E644550D184A48EE005D3CDC /* Products */;
			projectDirPath = "";
			projectRoot = "";
			targets = (
				E644550B184A48EE005D3CDC /* GMusicAPIClient-iOS */,
				E644551B184A48EE005D3CDC /* GMusicAPIClientTests */,
				E66954C8184BBC8800EDB7C7 /* GMusicAPIClient-osx */,
				E66954D4184BBC8800EDB7C7 /* GMusicAPIClient-osxTests */,
			);
		};
/* End PBXProject section */

/* Begin PBXResourcesBuildPhase section */
		E644551A184A48EE005D3CDC /* Resources */ = {
			isa = PBXResourcesBuildPhase;
			buildActionMask = 2147483647;
			files = (
				E644552A184A48EE005D3CDC /* InfoPlist.strings in Resources */,
				E6695583184BD50700EDB7C7 /* user.plist in Resources */,
			);
			runOnlyForDeploymentPostprocessing = 0;
		};
		E66954D3184BBC8800EDB7C7 /* Resources */ = {
			isa = PBXResourcesBuildPhase;
			buildActionMask = 2147483647;
			files = (
				E66954E0184BBC8800EDB7C7 /* InfoPlist.strings in Resources */,
				E6695584184BD50700EDB7C7 /* user.plist in Resources */,
			);
			runOnlyForDeploymentPostprocessing = 0;
		};
/* End PBXResourcesBuildPhase section */

/* Begin PBXSourcesBuildPhase section */
		E6445508184A48EE005D3CDC /* Sources */ = {
			isa = PBXSourcesBuildPhase;
			buildActionMask = 2147483647;
			files = (
				E669569E184BE2DB00EDB7C7 /* GMResult.m in Sources */,
				E632E956184D1E7C000A20C5 /* GMTrackInfo.m in Sources */,
				E66956A9184BE2DB00EDB7C7 /* GMWebClient.m in Sources */,
				E632E952184D19BB000A20C5 /* GMCallAllSongs.m in Sources */,
				E669568E184BE2DB00EDB7C7 /* GMAPIClient+Protected.m in Sources */,
				E632E94C184D16A4000A20C5 /* GMCallStreamURLForTrack.m in Sources */,
				E632E945184D0E92000A20C5 /* GMCall.m in Sources */,
				E6695698184BE2DB00EDB7C7 /* GMCredentials.m in Sources */,
				E632E941184D0777000A20C5 /* GMSessionTokens.m in Sources */,
				E6695693184BE2DB00EDB7C7 /* GMAPIClient.m in Sources */,
				E632E948184D10B7000A20C5 /* GMCallListPlaylists.m in Sources */,
				E632E959184D1E92000A20C5 /* GMPlaylistInfo.m in Sources */,
				E632E94F184D186D000A20C5 /* GMCallJSON.m in Sources */,
				E632E95C184D1F0B000A20C5 /* GMMappingItem.m in Sources */,
			);
			runOnlyForDeploymentPostprocessing = 0;
		};
		E6445518184A48EE005D3CDC /* Sources */ = {
			isa = PBXSourcesBuildPhase;
			buildActionMask = 2147483647;
			files = (
				E6695578184BC98500EDB7C7 /* XCTestCase+AsyncTesting.m in Sources */,
				E66956AA184BE2DB00EDB7C7 /* GMWebClient.m in Sources */,
				E6695694184BE2DB00EDB7C7 /* GMAPIClient.m in Sources */,
				E669569F184BE2DB00EDB7C7 /* GMResult.m in Sources */,
				E6695699184BE2DB00EDB7C7 /* GMCredentials.m in Sources */,
				E669568F184BE2DB00EDB7C7 /* GMAPIClient+Protected.m in Sources */,
				E644552C184A48EE005D3CDC /* GMusicAPIClientTests.m in Sources */,
			);
			runOnlyForDeploymentPostprocessing = 0;
		};
		E66954C5184BBC8800EDB7C7 /* Sources */ = {
			isa = PBXSourcesBuildPhase;
			buildActionMask = 2147483647;
			files = (
				E66956A0184BE2DB00EDB7C7 /* GMResult.m in Sources */,
				E632E96A184D2646000A20C5 /* GMCallListPlaylists.m in Sources */,
				E632E95D184D25E2000A20C5 /* GMMappingItem.m in Sources */,
				E66956AB184BE2DB00EDB7C7 /* GMWebClient.m in Sources */,
				E632E966184D2636000A20C5 /* GMCall.m in Sources */,
				E632E95E184D25E6000A20C5 /* GMTrackInfo.m in Sources */,
				E632E96E184D2654000A20C5 /* GMCallAllSongs.m in Sources */,
				E6695690184BE2DB00EDB7C7 /* GMAPIClient+Protected.m in Sources */,
				E632E96C184D264D000A20C5 /* GMCallStreamURLForTrack.m in Sources */,
				E632E95F184D25E9000A20C5 /* GMPlaylistInfo.m in Sources */,
				E632E961184D2604000A20C5 /* GMSessionTokens.m in Sources */,
				E669569A184BE2DB00EDB7C7 /* GMCredentials.m in Sources */,
				E6695695184BE2DB00EDB7C7 /* GMAPIClient.m in Sources */,
				E632E968184D263F000A20C5 /* GMCallJSON.m in Sources */,
			);
			runOnlyForDeploymentPostprocessing = 0;
		};
		E66954D1184BBC8800EDB7C7 /* Sources */ = {
			isa = PBXSourcesBuildPhase;
			buildActionMask = 2147483647;
			files = (
				E6695579184BC98500EDB7C7 /* XCTestCase+AsyncTesting.m in Sources */,
				E66956AC184BE2DB00EDB7C7 /* GMWebClient.m in Sources */,
				E6695696184BE2DB00EDB7C7 /* GMAPIClient.m in Sources */,
				E66956A1184BE2DB00EDB7C7 /* GMResult.m in Sources */,
				E669569B184BE2DB00EDB7C7 /* GMCredentials.m in Sources */,
				E6695691184BE2DB00EDB7C7 /* GMAPIClient+Protected.m in Sources */,
				E66954E2184BBC8800EDB7C7 /* GMusicAPIClient_osxTests.m in Sources */,
			);
			runOnlyForDeploymentPostprocessing = 0;
		};
/* End PBXSourcesBuildPhase section */

/* Begin PBXTargetDependency section */
		E6445523184A48EE005D3CDC /* PBXTargetDependency */ = {
			isa = PBXTargetDependency;
			target = E644550B184A48EE005D3CDC /* GMusicAPIClient-iOS */;
			targetProxy = E6445522184A48EE005D3CDC /* PBXContainerItemProxy */;
		};
		E66954D9184BBC8800EDB7C7 /* PBXTargetDependency */ = {
			isa = PBXTargetDependency;
			target = E66954C8184BBC8800EDB7C7 /* GMusicAPIClient-osx */;
			targetProxy = E66954D8184BBC8800EDB7C7 /* PBXContainerItemProxy */;
		};
/* End PBXTargetDependency section */

/* Begin PBXVariantGroup section */
		E6445528184A48EE005D3CDC /* InfoPlist.strings */ = {
			isa = PBXVariantGroup;
			children = (
				E6445529184A48EE005D3CDC /* en */,
			);
			name = InfoPlist.strings;
			sourceTree = "<group>";
		};
		E66954DE184BBC8800EDB7C7 /* InfoPlist.strings */ = {
			isa = PBXVariantGroup;
			children = (
				E66954DF184BBC8800EDB7C7 /* en */,
			);
			name = InfoPlist.strings;
			sourceTree = "<group>";
		};
/* End PBXVariantGroup section */

/* Begin XCBuildConfiguration section */
		E644552D184A48EE005D3CDC /* Debug */ = {
			isa = XCBuildConfiguration;
			buildSettings = {
				ALWAYS_SEARCH_USER_PATHS = NO;
				ARCHS = "$(ARCHS_STANDARD_INCLUDING_64_BIT)";
				CLANG_CXX_LANGUAGE_STANDARD = "gnu++0x";
				CLANG_CXX_LIBRARY = "libc++";
				CLANG_ENABLE_MODULES = YES;
				CLANG_ENABLE_OBJC_ARC = YES;
				CLANG_WARN_BOOL_CONVERSION = YES;
				CLANG_WARN_CONSTANT_CONVERSION = YES;
				CLANG_WARN_DIRECT_OBJC_ISA_USAGE = YES_ERROR;
				CLANG_WARN_EMPTY_BODY = YES;
				CLANG_WARN_ENUM_CONVERSION = YES;
				CLANG_WARN_INT_CONVERSION = YES;
				CLANG_WARN_OBJC_ROOT_CLASS = YES_ERROR;
				CLANG_WARN__DUPLICATE_METHOD_MATCH = YES;
				COPY_PHASE_STRIP = NO;
				GCC_C_LANGUAGE_STANDARD = gnu99;
				GCC_DYNAMIC_NO_PIC = NO;
				GCC_OPTIMIZATION_LEVEL = 0;
				GCC_PREPROCESSOR_DEFINITIONS = (
					"DEBUG=1",
					"$(inherited)",
				);
				GCC_SYMBOLS_PRIVATE_EXTERN = NO;
				GCC_WARN_64_TO_32_BIT_CONVERSION = YES;
				GCC_WARN_ABOUT_RETURN_TYPE = YES_ERROR;
				GCC_WARN_UNDECLARED_SELECTOR = YES;
				GCC_WARN_UNINITIALIZED_AUTOS = YES;
				GCC_WARN_UNUSED_FUNCTION = YES;
				GCC_WARN_UNUSED_VARIABLE = YES;
				IPHONEOS_DEPLOYMENT_TARGET = 7.0;
				ONLY_ACTIVE_ARCH = YES;
				SDKROOT = iphoneos;
			};
			name = Debug;
		};
		E644552E184A48EE005D3CDC /* Release */ = {
			isa = XCBuildConfiguration;
			buildSettings = {
				ALWAYS_SEARCH_USER_PATHS = NO;
				ARCHS = "$(ARCHS_STANDARD_INCLUDING_64_BIT)";
				CLANG_CXX_LANGUAGE_STANDARD = "gnu++0x";
				CLANG_CXX_LIBRARY = "libc++";
				CLANG_ENABLE_MODULES = YES;
				CLANG_ENABLE_OBJC_ARC = YES;
				CLANG_WARN_BOOL_CONVERSION = YES;
				CLANG_WARN_CONSTANT_CONVERSION = YES;
				CLANG_WARN_DIRECT_OBJC_ISA_USAGE = YES_ERROR;
				CLANG_WARN_EMPTY_BODY = YES;
				CLANG_WARN_ENUM_CONVERSION = YES;
				CLANG_WARN_INT_CONVERSION = YES;
				CLANG_WARN_OBJC_ROOT_CLASS = YES_ERROR;
				CLANG_WARN__DUPLICATE_METHOD_MATCH = YES;
				COPY_PHASE_STRIP = YES;
				ENABLE_NS_ASSERTIONS = NO;
				GCC_C_LANGUAGE_STANDARD = gnu99;
				GCC_WARN_64_TO_32_BIT_CONVERSION = YES;
				GCC_WARN_ABOUT_RETURN_TYPE = YES_ERROR;
				GCC_WARN_UNDECLARED_SELECTOR = YES;
				GCC_WARN_UNINITIALIZED_AUTOS = YES;
				GCC_WARN_UNUSED_FUNCTION = YES;
				GCC_WARN_UNUSED_VARIABLE = YES;
				IPHONEOS_DEPLOYMENT_TARGET = 7.0;
				SDKROOT = iphoneos;
				VALIDATE_PRODUCT = YES;
			};
			name = Release;
		};
		E6445530184A48EE005D3CDC /* Debug */ = {
			isa = XCBuildConfiguration;
			buildSettings = {
				DSTROOT = /tmp/GMusicAPIClient.dst;
				GCC_PRECOMPILE_PREFIX_HEADER = YES;
				GCC_PREFIX_HEADER = "GMusicAPIClient/GMusicAPIClient-Prefix.pch";
				OTHER_LDFLAGS = (
					"-ObjC",
					"-all_load",
				);
				PRODUCT_NAME = "$(TARGET_NAME)";
				SKIP_INSTALL = YES;
			};
			name = Debug;
		};
		E6445531184A48EE005D3CDC /* Release */ = {
			isa = XCBuildConfiguration;
			buildSettings = {
				DSTROOT = /tmp/GMusicAPIClient.dst;
				GCC_PRECOMPILE_PREFIX_HEADER = YES;
				GCC_PREFIX_HEADER = "GMusicAPIClient/GMusicAPIClient-Prefix.pch";
				OTHER_LDFLAGS = (
					"-ObjC",
					"-all_load",
				);
				PRODUCT_NAME = "$(TARGET_NAME)";
				SKIP_INSTALL = YES;
			};
			name = Release;
		};
		E6445533184A48EE005D3CDC /* Debug */ = {
			isa = XCBuildConfiguration;
			buildSettings = {
				ARCHS = "$(ARCHS_STANDARD_INCLUDING_64_BIT)";
				FRAMEWORK_SEARCH_PATHS = (
					"$(SDKROOT)/Developer/Library/Frameworks",
					"$(inherited)",
					"$(DEVELOPER_FRAMEWORKS_DIR)",
				);
				GCC_PRECOMPILE_PREFIX_HEADER = YES;
				GCC_PREFIX_HEADER = "GMusicAPIClient/GMusicAPIClient-Prefix.pch";
				GCC_PREPROCESSOR_DEFINITIONS = (
					"DEBUG=1",
					"$(inherited)",
				);
				INFOPLIST_FILE = "GMusicAPIClientTests/GMusicAPIClientTests-Info.plist";
				PRODUCT_NAME = "$(TARGET_NAME)";
				WRAPPER_EXTENSION = xctest;
			};
			name = Debug;
		};
		E6445534184A48EE005D3CDC /* Release */ = {
			isa = XCBuildConfiguration;
			buildSettings = {
				ARCHS = "$(ARCHS_STANDARD_INCLUDING_64_BIT)";
				FRAMEWORK_SEARCH_PATHS = (
					"$(SDKROOT)/Developer/Library/Frameworks",
					"$(inherited)",
					"$(DEVELOPER_FRAMEWORKS_DIR)",
				);
				GCC_PRECOMPILE_PREFIX_HEADER = YES;
				GCC_PREFIX_HEADER = "GMusicAPIClient/GMusicAPIClient-Prefix.pch";
				INFOPLIST_FILE = "GMusicAPIClientTests/GMusicAPIClientTests-Info.plist";
				PRODUCT_NAME = "$(TARGET_NAME)";
				WRAPPER_EXTENSION = xctest;
			};
			name = Release;
		};
		E66954E4184BBC8800EDB7C7 /* Debug */ = {
			isa = XCBuildConfiguration;
			buildSettings = {
				FRAMEWORK_SEARCH_PATHS = (
					"$(inherited)",
					"$(DEVELOPER_FRAMEWORKS_DIR)",
				);
				GCC_ENABLE_OBJC_EXCEPTIONS = YES;
				GCC_PRECOMPILE_PREFIX_HEADER = YES;
				GCC_PREFIX_HEADER = "GMusicAPIClient-osx/GMusicAPIClient-osx-Prefix.pch";
				GCC_PREPROCESSOR_DEFINITIONS = (
					"DEBUG=1",
					"$(inherited)",
				);
				MACOSX_DEPLOYMENT_TARGET = 10.9;
				PRODUCT_NAME = "$(TARGET_NAME)";
				SDKROOT = macosx;
			};
			name = Debug;
		};
		E66954E5184BBC8800EDB7C7 /* Release */ = {
			isa = XCBuildConfiguration;
			buildSettings = {
				DEBUG_INFORMATION_FORMAT = "dwarf-with-dsym";
				FRAMEWORK_SEARCH_PATHS = (
					"$(inherited)",
					"$(DEVELOPER_FRAMEWORKS_DIR)",
				);
				GCC_ENABLE_OBJC_EXCEPTIONS = YES;
				GCC_PRECOMPILE_PREFIX_HEADER = YES;
				GCC_PREFIX_HEADER = "GMusicAPIClient-osx/GMusicAPIClient-osx-Prefix.pch";
				MACOSX_DEPLOYMENT_TARGET = 10.9;
				PRODUCT_NAME = "$(TARGET_NAME)";
				SDKROOT = macosx;
			};
			name = Release;
		};
		E66954E7184BBC8800EDB7C7 /* Debug */ = {
			isa = XCBuildConfiguration;
			buildSettings = {
				COMBINE_HIDPI_IMAGES = YES;
				FRAMEWORK_SEARCH_PATHS = (
					"$(DEVELOPER_FRAMEWORKS_DIR)",
					"$(inherited)",
				);
				GCC_ENABLE_OBJC_EXCEPTIONS = YES;
				GCC_PRECOMPILE_PREFIX_HEADER = YES;
				GCC_PREFIX_HEADER = "GMusicAPIClient-osx/GMusicAPIClient-osx-Prefix.pch";
				GCC_PREPROCESSOR_DEFINITIONS = (
					"DEBUG=1",
					"$(inherited)",
				);
				INFOPLIST_FILE = "GMusicAPIClient-osxTests/GMusicAPIClient-osxTests-Info.plist";
				MACOSX_DEPLOYMENT_TARGET = 10.9;
				PRODUCT_NAME = "$(TARGET_NAME)";
				SDKROOT = macosx;
				WRAPPER_EXTENSION = xctest;
			};
			name = Debug;
		};
		E66954E8184BBC8800EDB7C7 /* Release */ = {
			isa = XCBuildConfiguration;
			buildSettings = {
				COMBINE_HIDPI_IMAGES = YES;
				DEBUG_INFORMATION_FORMAT = "dwarf-with-dsym";
				FRAMEWORK_SEARCH_PATHS = (
					"$(DEVELOPER_FRAMEWORKS_DIR)",
					"$(inherited)",
				);
				GCC_ENABLE_OBJC_EXCEPTIONS = YES;
				GCC_PRECOMPILE_PREFIX_HEADER = YES;
				GCC_PREFIX_HEADER = "GMusicAPIClient-osx/GMusicAPIClient-osx-Prefix.pch";
				INFOPLIST_FILE = "GMusicAPIClient-osxTests/GMusicAPIClient-osxTests-Info.plist";
				MACOSX_DEPLOYMENT_TARGET = 10.9;
				PRODUCT_NAME = "$(TARGET_NAME)";
				SDKROOT = macosx;
				WRAPPER_EXTENSION = xctest;
			};
			name = Release;
		};
/* End XCBuildConfiguration section */

/* Begin XCConfigurationList section */
		E6445507184A48EE005D3CDC /* Build configuration list for PBXProject "GMusicAPIClient" */ = {
			isa = XCConfigurationList;
			buildConfigurations = (
				E644552D184A48EE005D3CDC /* Debug */,
				E644552E184A48EE005D3CDC /* Release */,
			);
			defaultConfigurationIsVisible = 0;
			defaultConfigurationName = Release;
		};
		E644552F184A48EE005D3CDC /* Build configuration list for PBXNativeTarget "GMusicAPIClient-iOS" */ = {
			isa = XCConfigurationList;
			buildConfigurations = (
				E6445530184A48EE005D3CDC /* Debug */,
				E6445531184A48EE005D3CDC /* Release */,
			);
			defaultConfigurationIsVisible = 0;
			defaultConfigurationName = Release;
		};
		E6445532184A48EE005D3CDC /* Build configuration list for PBXNativeTarget "GMusicAPIClientTests" */ = {
			isa = XCConfigurationList;
			buildConfigurations = (
				E6445533184A48EE005D3CDC /* Debug */,
				E6445534184A48EE005D3CDC /* Release */,
			);
			defaultConfigurationIsVisible = 0;
			defaultConfigurationName = Release;
		};
		E66954E3184BBC8800EDB7C7 /* Build configuration list for PBXNativeTarget "GMusicAPIClient-osx" */ = {
			isa = XCConfigurationList;
			buildConfigurations = (
				E66954E4184BBC8800EDB7C7 /* Debug */,
				E66954E5184BBC8800EDB7C7 /* Release */,
			);
			defaultConfigurationIsVisible = 0;
			defaultConfigurationName = Release;
		};
		E66954E6184BBC8800EDB7C7 /* Build configuration list for PBXNativeTarget "GMusicAPIClient-osxTests" */ = {
			isa = XCConfigurationList;
			buildConfigurations = (
				E66954E7184BBC8800EDB7C7 /* Debug */,
				E66954E8184BBC8800EDB7C7 /* Release */,
			);
			defaultConfigurationIsVisible = 0;
			defaultConfigurationName = Release;
		};
/* End XCConfigurationList section */
	};
	rootObject = E6445504184A48EE005D3CDC /* Project object */;
}
